# @generated by Move, please check-in and do not edit manually.

[move]
version = 3
manifest_digest = "3092AE1546A867A90AE59A6C9804E6E217E832FC5A6EC456CDFA87B63826C65E"
deps_digest = "F8BBB0CCB2491CA29A3DF03D6F92277A4F3574266507ACD77214D37ECA3F3082"
dependencies = [
  { id = "Sui", name = "Sui" },
]

[[move.package]]
id = "MoveStdlib"
source = { git = "https://github.com/MystenLabs/sui.git", rev = "framework/testnet", subdir = "crates/sui-framework/packages/move-stdlib" }

[[move.package]]
id = "Sui"
source = { git = "https://github.com/MystenLabs/sui.git", rev = "framework/testnet", subdir = "crates/sui-framework/packages/sui-framework" }

dependencies = [
  { id = "MoveStdlib", name = "MoveStdlib" },
]

[move.toolchain-version]
compiler-version = "1.45.2"
edition = "2024.beta"
flavor = "sui"

[env]

[env.testnet]
chain-id = "4c78adac"
original-published-id = "0xbabe1ff4833a0e01fd429e02f051efb6c5ecbfae44cc14762b2f4487c0247589"
latest-published-id = "0xbabe1ff4833a0e01fd429e02f051efb6c5ecbfae44cc14762b2f4487c0247589"
published-version = "1"
